
Microsoft Visual Studio Solution File, Format Version 12.00
Project("{FAE04EC0-301F-11D3-BF4B-00C04F79EFBC}") = "MUtils", "MUtils\MUtils.csproj", "{14C58128-6150-40EC-8BD0-9E4005C9B015}"
EndProject
Project("{FAE04EC0-301F-11D3-BF4B-00C04F79EFBC}") = "ServerLogTest", "ServerLogTest\ServerLogTest.csproj", "{83487769-57FD-41EC-9E82-697E90A02234}"
EndProject
Global
	GlobalSection(SolutionConfigurationPlatforms) = preSolution
		Debug|Any CPU = Debug|Any CPU
		Release|Any CPU = Release|Any CPU
	EndGlobalSection
	GlobalSection(ProjectConfigurationPlatforms) = postSolution
		{14C58128-6150-40EC-8BD0-9E4005C9B015}.Debug|Any CPU.ActiveCfg = Debug|Any CPU
		{14C58128-6150-40EC-8BD0-9E4005C9B015}.Debug|Any CPU.Build.0 = Debug|Any CPU
		{14C58128-6150-40EC-8BD0-9E4005C9B015}.Release|Any CPU.ActiveCfg = Release|Any CPU
		{14C58128-6150-40EC-8BD0-9E4005C9B015}.Release|Any CPU.Build.0 = Release|Any CPU
		{83487769-57FD-41EC-9E82-697E90A02234}.Debug|Any CPU.ActiveCfg = Debug|Any CPU
		{83487769-57FD-41EC-9E82-697E90A02234}.Debug|Any CPU.Build.0 = Debug|Any CPU
		{83487769-57FD-41EC-9E82-697E90A02234}.Release|Any CPU.ActiveCfg = Release|Any CPU
		{83487769-57FD-41EC-9E82-697E90A02234}.Release|Any CPU.Build.0 = Release|Any CPU
	EndGlobalSection
EndGlobal
